
Microsoft Visual Studio Solution File, Format Version 12.00
# Visual Studio Version 17
VisualStudioVersion = 17.4.33122.133
MinimumVisualStudioVersion = 10.0.40219.1
Project("{FAE04EC0-301F-11D3-BF4B-00C04F79EFBC}") = "SignalRDemo", "SignalRDemo.csproj", "{22A09014-162F-42CF-9FBC-0F09161F2FEE}"
EndProject
Project("{FAE04EC0-301F-11D3-BF4B-00C04F79EFBC}") = "SignalRDemoAPI", "..\SignalRDemoAPI\SignalRDemoAPI.csproj", "{AD4691D5-E4F2-4E68-B862-13B427E4571F}"
EndProject
Project("{2150E333-8FDC-42A3-9474-1A3956D46DE8}") = "Library", "Library", "{ED1197F8-BB51-4CD6-B012-79A39CA1547C}"
EndProject
Project("{FAE04EC0-301F-11D3-BF4B-00C04F79EFBC}") = "SignalRDemo.DataContext", "..\SignalRDemo.DataContext\SignalRDemo.DataContext.csproj", "{7D5E0610-2950-4455-8244-DF4E92BC22B4}"
EndProject
Project("{FAE04EC0-301F-11D3-BF4B-00C04F79EFBC}") = "SignalRDemo.Models", "..\SignalRDemo.Models\SignalRDemo.Models.csproj", "{F2F0A44A-5FF2-4D57-BB0E-9591B964C967}"
EndProject
Project("{FAE04EC0-301F-11D3-BF4B-00C04F79EFBC}") = "SignalRDemo.Services", "..\SignalRDemo.Services\SignalRDemo.Services.csproj", "{EFBDC044-00B5-4F3C-9A04-D59BE4211258}"
EndProject
Global
	GlobalSection(SolutionConfigurationPlatforms) = preSolution
		Debug|Any CPU = Debug|Any CPU
		Release|Any CPU = Release|Any CPU
	EndGlobalSection
	GlobalSection(ProjectConfigurationPlatforms) = postSolution
		{22A09014-162F-42CF-9FBC-0F09161F2FEE}.Debug|Any CPU.ActiveCfg = Debug|Any CPU
		{22A09014-162F-42CF-9FBC-0F09161F2FEE}.Debug|Any CPU.Build.0 = Debug|Any CPU
		{22A09014-162F-42CF-9FBC-0F09161F2FEE}.Release|Any CPU.ActiveCfg = Release|Any CPU
		{22A09014-162F-42CF-9FBC-0F09161F2FEE}.Release|Any CPU.Build.0 = Release|Any CPU
		{AD4691D5-E4F2-4E68-B862-13B427E4571F}.Debug|Any CPU.ActiveCfg = Debug|Any CPU
		{AD4691D5-E4F2-4E68-B862-13B427E4571F}.Debug|Any CPU.Build.0 = Debug|Any CPU
		{AD4691D5-E4F2-4E68-B862-13B427E4571F}.Release|Any CPU.ActiveCfg = Release|Any CPU
		{AD4691D5-E4F2-4E68-B862-13B427E4571F}.Release|Any CPU.Build.0 = Release|Any CPU
		{7D5E0610-2950-4455-8244-DF4E92BC22B4}.Debug|Any CPU.ActiveCfg = Debug|Any CPU
		{7D5E0610-2950-4455-8244-DF4E92BC22B4}.Debug|Any CPU.Build.0 = Debug|Any CPU
		{7D5E0610-2950-4455-8244-DF4E92BC22B4}.Release|Any CPU.ActiveCfg = Release|Any CPU
		{7D5E0610-2950-4455-8244-DF4E92BC22B4}.Release|Any CPU.Build.0 = Release|Any CPU
		{F2F0A44A-5FF2-4D57-BB0E-9591B964C967}.Debug|Any CPU.ActiveCfg = Debug|Any CPU
		{F2F0A44A-5FF2-4D57-BB0E-9591B964C967}.Debug|Any CPU.Build.0 = Debug|Any CPU
		{F2F0A44A-5FF2-4D57-BB0E-9591B964C967}.Release|Any CPU.ActiveCfg = Release|Any CPU
		{F2F0A44A-5FF2-4D57-BB0E-9591B964C967}.Release|Any CPU.Build.0 = Release|Any CPU
		{EFBDC044-00B5-4F3C-9A04-D59BE4211258}.Debug|Any CPU.ActiveCfg = Debug|Any CPU
		{EFBDC044-00B5-4F3C-9A04-D59BE4211258}.Debug|Any CPU.Build.0 = Debug|Any CPU
		{EFBDC044-00B5-4F3C-9A04-D59BE4211258}.Release|Any CPU.ActiveCfg = Release|Any CPU
		{EFBDC044-00B5-4F3C-9A04-D59BE4211258}.Release|Any CPU.Build.0 = Release|Any CPU
	EndGlobalSection
	GlobalSection(SolutionProperties) = preSolution
		HideSolutionNode = FALSE
	EndGlobalSection
	GlobalSection(NestedProjects) = preSolution
		{7D5E0610-2950-4455-8244-DF4E92BC22B4} = {ED1197F8-BB51-4CD6-B012-79A39CA1547C}
		{F2F0A44A-5FF2-4D57-BB0E-9591B964C967} = {ED1197F8-BB51-4CD6-B012-79A39CA1547C}
		{EFBDC044-00B5-4F3C-9A04-D59BE4211258} = {ED1197F8-BB51-4CD6-B012-79A39CA1547C}
	EndGlobalSection
	GlobalSection(ExtensibilityGlobals) = postSolution
		SolutionGuid = {6B7A9AF1-088B-41DE-8BE1-656961DB5CBA}
	EndGlobalSection
EndGlobal
